
Microsoft Visual Studio Solution File, Format Version 12.00
# Visual Studio Version 17
VisualStudioVersion = 17.9.34728.123
MinimumVisualStudioVersion = 10.0.40219.1
Project("{2150E333-8FDC-42A3-9474-1A3956D46DE8}") = "Core", "Core", "{12ED1B80-16AF-4692-AAAE-D297B45523ED}"
EndProject
Project("{2150E333-8FDC-42A3-9474-1A3956D46DE8}") = "External", "External", "{4622D1E8-9FFE-496A-8523-7F775B337D5B}"
EndProject
Project("{2150E333-8FDC-42A3-9474-1A3956D46DE8}") = "Presentation", "Presentation", "{944B55BA-6701-4B30-A97D-938AD35D0E5C}"
EndProject
Project("{9A19103F-16F7-4668-BE54-9A1E7A4F7556}") = "WynajemMaszyn.Domain", "WynajemMaszyn.Domain\WynajemMaszyn.Domain.csproj", "{A10C3728-9311-46E4-BED7-64B81AAB6BA6}"
EndProject
Project("{9A19103F-16F7-4668-BE54-9A1E7A4F7556}") = "WynajemMaszyn.Application", "WynajemMaszyn.Application\WynajemMaszyn.Application.csproj", "{9AFB4A30-1724-4E01-9A80-E555A749D0E6}"
EndProject
Project("{9A19103F-16F7-4668-BE54-9A1E7A4F7556}") = "WynajemMaszyn.Infrastructure", "WynajemMaszyn.Infrastructure\WynajemMaszyn.Infrastructure.csproj", "{30C28340-1D76-40AD-BDED-F758D6D5D67A}"
EndProject
Project("{9A19103F-16F7-4668-BE54-9A1E7A4F7556}") = "WynajemMaszyn.WebUI", "WynajemMaszyn.WebUI\WynajemMaszyn.WebUI.csproj", "{229B5D81-40B5-4E94-86A5-CDE7B4D93505}"
EndProject
Project("{2150E333-8FDC-42A3-9474-1A3956D46DE8}") = "src", "src", "{69452795-AA3C-40BB-A386-1CE4108556CA}"
EndProject
Project("{2150E333-8FDC-42A3-9474-1A3956D46DE8}") = "test", "test", "{1486B099-D7BE-4BE8-8E6E-CADCE9378279}"
EndProject
Global
	GlobalSection(SolutionConfigurationPlatforms) = preSolution
		Debug|Any CPU = Debug|Any CPU
		Release|Any CPU = Release|Any CPU
	EndGlobalSection
	GlobalSection(ProjectConfigurationPlatforms) = postSolution
		{A10C3728-9311-46E4-BED7-64B81AAB6BA6}.Debug|Any CPU.ActiveCfg = Debug|Any CPU
		{A10C3728-9311-46E4-BED7-64B81AAB6BA6}.Debug|Any CPU.Build.0 = Debug|Any CPU
		{A10C3728-9311-46E4-BED7-64B81AAB6BA6}.Release|Any CPU.ActiveCfg = Release|Any CPU
		{A10C3728-9311-46E4-BED7-64B81AAB6BA6}.Release|Any CPU.Build.0 = Release|Any CPU
		{9AFB4A30-1724-4E01-9A80-E555A749D0E6}.Debug|Any CPU.ActiveCfg = Debug|Any CPU
		{9AFB4A30-1724-4E01-9A80-E555A749D0E6}.Debug|Any CPU.Build.0 = Debug|Any CPU
		{9AFB4A30-1724-4E01-9A80-E555A749D0E6}.Release|Any CPU.ActiveCfg = Release|Any CPU
		{9AFB4A30-1724-4E01-9A80-E555A749D0E6}.Release|Any CPU.Build.0 = Release|Any CPU
		{30C28340-1D76-40AD-BDED-F758D6D5D67A}.Debug|Any CPU.ActiveCfg = Debug|Any CPU
		{30C28340-1D76-40AD-BDED-F758D6D5D67A}.Debug|Any CPU.Build.0 = Debug|Any CPU
		{30C28340-1D76-40AD-BDED-F758D6D5D67A}.Release|Any CPU.ActiveCfg = Release|Any CPU
		{30C28340-1D76-40AD-BDED-F758D6D5D67A}.Release|Any CPU.Build.0 = Release|Any CPU
		{229B5D81-40B5-4E94-86A5-CDE7B4D93505}.Debug|Any CPU.ActiveCfg = Debug|Any CPU
		{229B5D81-40B5-4E94-86A5-CDE7B4D93505}.Debug|Any CPU.Build.0 = Debug|Any CPU
		{229B5D81-40B5-4E94-86A5-CDE7B4D93505}.Release|Any CPU.ActiveCfg = Release|Any CPU
		{229B5D81-40B5-4E94-86A5-CDE7B4D93505}.Release|Any CPU.Build.0 = Release|Any CPU
	EndGlobalSection
	GlobalSection(SolutionProperties) = preSolution
		HideSolutionNode = FALSE
	EndGlobalSection
	GlobalSection(NestedProjects) = preSolution
		{12ED1B80-16AF-4692-AAAE-D297B45523ED} = {69452795-AA3C-40BB-A386-1CE4108556CA}
		{4622D1E8-9FFE-496A-8523-7F775B337D5B} = {69452795-AA3C-40BB-A386-1CE4108556CA}
		{944B55BA-6701-4B30-A97D-938AD35D0E5C} = {69452795-AA3C-40BB-A386-1CE4108556CA}
		{A10C3728-9311-46E4-BED7-64B81AAB6BA6} = {12ED1B80-16AF-4692-AAAE-D297B45523ED}
		{9AFB4A30-1724-4E01-9A80-E555A749D0E6} = {12ED1B80-16AF-4692-AAAE-D297B45523ED}
		{30C28340-1D76-40AD-BDED-F758D6D5D67A} = {4622D1E8-9FFE-496A-8523-7F775B337D5B}
		{229B5D81-40B5-4E94-86A5-CDE7B4D93505} = {944B55BA-6701-4B30-A97D-938AD35D0E5C}
	EndGlobalSection
	GlobalSection(ExtensibilityGlobals) = postSolution
		SolutionGuid = {6EB545EE-5797-433D-8C53-3494164A5D88}
	EndGlobalSection
EndGlobal
