
Microsoft Visual Studio Solution File, Format Version 12.00
# Visual Studio Version 17
VisualStudioVersion = 17.9.34728.123
MinimumVisualStudioVersion = 10.0.40219.1
Project("{2150E333-8FDC-42A3-9474-1A3956D46DE8}") = "Core", "Core", "{12ED1B80-16AF-4692-AAAE-D297B45523ED}"
EndProject
Project("{2150E333-8FDC-42A3-9474-1A3956D46DE8}") = "External", "External", "{4622D1E8-9FFE-496A-8523-7F775B337D5B}"
EndProject
Project("{2150E333-8FDC-42A3-9474-1A3956D46DE8}") = "Presentation", "Presentation", "{944B55BA-6701-4B30-A97D-938AD35D0E5C}"
	ProjectSection(SolutionItems) = preProject
		docker-compose.yml = docker-compose.yml
	EndProjectSection
EndProject
Project("{2150E333-8FDC-42A3-9474-1A3956D46DE8}") = "src", "src", "{69452795-AA3C-40BB-A386-1CE4108556CA}"
EndProject
Project("{2150E333-8FDC-42A3-9474-1A3956D46DE8}") = "test", "test", "{1486B099-D7BE-4BE8-8E6E-CADCE9378279}"
EndProject
Project("{2150E333-8FDC-42A3-9474-1A3956D46DE8}") = "UnitTests", "UnitTests", "{C75B4205-E84F-43CE-BC94-72DDA03B05B2}"
EndProject
Project("{9A19103F-16F7-4668-BE54-9A1E7A4F7556}") = "WynajemMaszyn.IntegrationTests", "test\WynajemMaszyn.IntegrationTests\WynajemMaszyn.IntegrationTests.csproj", "{DC6F6671-1B84-48E1-804D-16CABF680388}"
EndProject
Project("{9A19103F-16F7-4668-BE54-9A1E7A4F7556}") = "WynajemMaszyn.CleanArchitectureTests", "test\WynajemMaszyn.CleanArchitectureTests\WynajemMaszyn.CleanArchitectureTests.csproj", "{A37F4A21-2F70-4CCD-9BD0-1578BADD8765}"
EndProject
Project("{9A19103F-16F7-4668-BE54-9A1E7A4F7556}") = "WynajemMaszyn.Application", "src\Core\WynajemMaszyn.Application\WynajemMaszyn.Application.csproj", "{6B686B95-0CF3-4276-B68A-BA6D90571F04}"
EndProject
Project("{9A19103F-16F7-4668-BE54-9A1E7A4F7556}") = "WynajemMaszyn.Domain", "src\Core\WynajemMaszyn.Domain\WynajemMaszyn.Domain.csproj", "{4B18AB28-FD5B-4505-809E-0970795E362E}"
EndProject
Project("{9A19103F-16F7-4668-BE54-9A1E7A4F7556}") = "WynajemMaszyn.Infrastructure", "src\External\WynajemMaszyn.Infrastructure\WynajemMaszyn.Infrastructure.csproj", "{E39319F9-8F13-4470-BCD4-B81EE995F74F}"
EndProject
Project("{9A19103F-16F7-4668-BE54-9A1E7A4F7556}") = "WynajemMaszyn.Application.UnitTests", "test\UnitTests\WynajemMaszyn.Application.UnitTests\WynajemMaszyn.Application.UnitTests.csproj", "{471AB638-3956-4B8B-884C-5C57162C6871}"
EndProject
Project("{9A19103F-16F7-4668-BE54-9A1E7A4F7556}") = "WynajemMaszyn.WebUI", "src\Presentation\WynajemMaszyn.WebUI\WynajemMaszyn.WebUI.csproj", "{FE53438C-D7AC-424E-BE05-8F8D38BE53B8}"
EndProject
Global
	GlobalSection(SolutionConfigurationPlatforms) = preSolution
		Debug|Any CPU = Debug|Any CPU
		Release|Any CPU = Release|Any CPU
	EndGlobalSection
	GlobalSection(ProjectConfigurationPlatforms) = postSolution
		{DC6F6671-1B84-48E1-804D-16CABF680388}.Debug|Any CPU.ActiveCfg = Debug|Any CPU
		{DC6F6671-1B84-48E1-804D-16CABF680388}.Debug|Any CPU.Build.0 = Debug|Any CPU
		{DC6F6671-1B84-48E1-804D-16CABF680388}.Release|Any CPU.ActiveCfg = Release|Any CPU
		{DC6F6671-1B84-48E1-804D-16CABF680388}.Release|Any CPU.Build.0 = Release|Any CPU
		{A37F4A21-2F70-4CCD-9BD0-1578BADD8765}.Debug|Any CPU.ActiveCfg = Debug|Any CPU
		{A37F4A21-2F70-4CCD-9BD0-1578BADD8765}.Debug|Any CPU.Build.0 = Debug|Any CPU
		{A37F4A21-2F70-4CCD-9BD0-1578BADD8765}.Release|Any CPU.ActiveCfg = Release|Any CPU
		{A37F4A21-2F70-4CCD-9BD0-1578BADD8765}.Release|Any CPU.Build.0 = Release|Any CPU
		{6B686B95-0CF3-4276-B68A-BA6D90571F04}.Debug|Any CPU.ActiveCfg = Debug|Any CPU
		{6B686B95-0CF3-4276-B68A-BA6D90571F04}.Debug|Any CPU.Build.0 = Debug|Any CPU
		{6B686B95-0CF3-4276-B68A-BA6D90571F04}.Release|Any CPU.ActiveCfg = Release|Any CPU
		{6B686B95-0CF3-4276-B68A-BA6D90571F04}.Release|Any CPU.Build.0 = Release|Any CPU
		{4B18AB28-FD5B-4505-809E-0970795E362E}.Debug|Any CPU.ActiveCfg = Debug|Any CPU
		{4B18AB28-FD5B-4505-809E-0970795E362E}.Debug|Any CPU.Build.0 = Debug|Any CPU
		{4B18AB28-FD5B-4505-809E-0970795E362E}.Release|Any CPU.ActiveCfg = Release|Any CPU
		{4B18AB28-FD5B-4505-809E-0970795E362E}.Release|Any CPU.Build.0 = Release|Any CPU
		{E39319F9-8F13-4470-BCD4-B81EE995F74F}.Debug|Any CPU.ActiveCfg = Debug|Any CPU
		{E39319F9-8F13-4470-BCD4-B81EE995F74F}.Debug|Any CPU.Build.0 = Debug|Any CPU
		{E39319F9-8F13-4470-BCD4-B81EE995F74F}.Release|Any CPU.ActiveCfg = Release|Any CPU
		{E39319F9-8F13-4470-BCD4-B81EE995F74F}.Release|Any CPU.Build.0 = Release|Any CPU
		{471AB638-3956-4B8B-884C-5C57162C6871}.Debug|Any CPU.ActiveCfg = Debug|Any CPU
		{471AB638-3956-4B8B-884C-5C57162C6871}.Debug|Any CPU.Build.0 = Debug|Any CPU
		{471AB638-3956-4B8B-884C-5C57162C6871}.Release|Any CPU.ActiveCfg = Release|Any CPU
		{471AB638-3956-4B8B-884C-5C57162C6871}.Release|Any CPU.Build.0 = Release|Any CPU
		{FE53438C-D7AC-424E-BE05-8F8D38BE53B8}.Debug|Any CPU.ActiveCfg = Debug|Any CPU
		{FE53438C-D7AC-424E-BE05-8F8D38BE53B8}.Debug|Any CPU.Build.0 = Debug|Any CPU
		{FE53438C-D7AC-424E-BE05-8F8D38BE53B8}.Release|Any CPU.ActiveCfg = Release|Any CPU
		{FE53438C-D7AC-424E-BE05-8F8D38BE53B8}.Release|Any CPU.Build.0 = Release|Any CPU
	EndGlobalSection
	GlobalSection(SolutionProperties) = preSolution
		HideSolutionNode = FALSE
	EndGlobalSection
	GlobalSection(NestedProjects) = preSolution
		{12ED1B80-16AF-4692-AAAE-D297B45523ED} = {69452795-AA3C-40BB-A386-1CE4108556CA}
		{4622D1E8-9FFE-496A-8523-7F775B337D5B} = {69452795-AA3C-40BB-A386-1CE4108556CA}
		{944B55BA-6701-4B30-A97D-938AD35D0E5C} = {69452795-AA3C-40BB-A386-1CE4108556CA}
		{C75B4205-E84F-43CE-BC94-72DDA03B05B2} = {1486B099-D7BE-4BE8-8E6E-CADCE9378279}
		{DC6F6671-1B84-48E1-804D-16CABF680388} = {1486B099-D7BE-4BE8-8E6E-CADCE9378279}
		{A37F4A21-2F70-4CCD-9BD0-1578BADD8765} = {1486B099-D7BE-4BE8-8E6E-CADCE9378279}
		{6B686B95-0CF3-4276-B68A-BA6D90571F04} = {12ED1B80-16AF-4692-AAAE-D297B45523ED}
		{4B18AB28-FD5B-4505-809E-0970795E362E} = {12ED1B80-16AF-4692-AAAE-D297B45523ED}
		{E39319F9-8F13-4470-BCD4-B81EE995F74F} = {4622D1E8-9FFE-496A-8523-7F775B337D5B}
		{471AB638-3956-4B8B-884C-5C57162C6871} = {C75B4205-E84F-43CE-BC94-72DDA03B05B2}
		{FE53438C-D7AC-424E-BE05-8F8D38BE53B8} = {944B55BA-6701-4B30-A97D-938AD35D0E5C}
	EndGlobalSection
	GlobalSection(ExtensibilityGlobals) = postSolution
		SolutionGuid = {6EB545EE-5797-433D-8C53-3494164A5D88}
	EndGlobalSection
EndGlobal
